{
  "name": "sip_code_practice",
  "version": "1.0.0",
  "lockfileVersion": 2,
  "requires": true,
  "packages": {
    "": {
      "name": "sip_code_practice",
      "version": "1.0.0",
      "license": "ISC",
      "dependencies": {
        "sip.js": "^0.21.2"
      }
    },
    "node_modules/sip.js": {
      "version": "0.21.2",
      "resolved": "https://registry.npmjs.org/sip.js/-/sip.js-0.21.2.tgz",
      "integrity": "sha512-tSqTcIgrOd2IhP/rd70JablvAp+fSfLSxO4hGNY6LkWRY1SKygTO7OtJEV/BQb8oIxtMRx0LE7nUF2MaqGbFzA==",
      "engines": {
        "node": ">=10.0"
      }
    }
  },
  "dependencies": {
    "sip.js": {
      "version": "0.21.2",
      "resolved": "https://registry.npmjs.org/sip.js/-/sip.js-0.21.2.tgz",
      "integrity": "sha512-tSqTcIgrOd2IhP/rd70JablvAp+fSfLSxO4hGNY6LkWRY1SKygTO7OtJEV/BQb8oIxtMRx0LE7nUF2MaqGbFzA=="
    }
  }
}
